// !$*UTF8*$!
{
	archiveVersion = 1;
	classes = {
	};
	objectVersion = 56;
	objects = {

/* Begin PBXBuildFile section */
		FCA6DF7B2B07D88300885814 /* AppDelegate.swift in Sources */ = {isa = PBXBuildFile; fileRef = FCA6DF7A2B07D88300885814 /* AppDelegate.swift */; };
		FCA6DF7D2B07D88300885814 /* SceneDelegate.swift in Sources */ = {isa = PBXBuildFile; fileRef = FCA6DF7C2B07D88300885814 /* SceneDelegate.swift */; };
		FCA6DF7F2B07D88300885814 /* NewsFeedController.swift in Sources */ = {isa = PBXBuildFile; fileRef = FCA6DF7E2B07D88300885814 /* NewsFeedController.swift */; };
		FCA6DF842B07D88600885814 /* Assets.xcassets in Resources */ = {isa = PBXBuildFile; fileRef = FCA6DF832B07D88600885814 /* Assets.xcassets */; };
		FCA6DF872B07D88600885814 /* LaunchScreen.storyboard in Resources */ = {isa = PBXBuildFile; fileRef = FCA6DF852B07D88600885814 /* LaunchScreen.storyboard */; };
		FCA6DF942B07DD4E00885814 /* NetworkManager.swift in Sources */ = {isa = PBXBuildFile; fileRef = FCA6DF932B07DD4E00885814 /* NetworkManager.swift */; };
		FCA6DF962B07DEC600885814 /* NewsItems.swift in Sources */ = {isa = PBXBuildFile; fileRef = FCA6DF952B07DEC600885814 /* NewsItems.swift */; };
		FCA6DF982B07E70F00885814 /* ArticleDetails.swift in Sources */ = {isa = PBXBuildFile; fileRef = FCA6DF972B07E70F00885814 /* ArticleDetails.swift */; };
		FCA6DF9B2B07EFDA00885814 /* SDWebImage in Frameworks */ = {isa = PBXBuildFile; productRef = FCA6DF9A2B07EFDA00885814 /* SDWebImage */; };
		FCA6DF9D2B07EFDA00885814 /* SDWebImageMapKit in Frameworks */ = {isa = PBXBuildFile; productRef = FCA6DF9C2B07EFDA00885814 /* SDWebImageMapKit */; };
		FCCF08072B0E176400A5DA56 /* Kingfisher in Frameworks */ = {isa = PBXBuildFile; productRef = FCCF08062B0E176400A5DA56 /* Kingfisher */; };
/* End PBXBuildFile section */

/* Begin PBXFileReference section */
		FCA6DF772B07D88300885814 /* AppleNewsApp.app */ = {isa = PBXFileReference; explicitFileType = wrapper.application; includeInIndex = 0; path = AppleNewsApp.app; sourceTree = BUILT_PRODUCTS_DIR; };
		FCA6DF7A2B07D88300885814 /* AppDelegate.swift */ = {isa = PBXFileReference; lastKnownFileType = sourcecode.swift; path = AppDelegate.swift; sourceTree = "<group>"; };
		FCA6DF7C2B07D88300885814 /* SceneDelegate.swift */ = {isa = PBXFileReference; lastKnownFileType = sourcecode.swift; path = SceneDelegate.swift; sourceTree = "<group>"; };
		FCA6DF7E2B07D88300885814 /* NewsFeedController.swift */ = {isa = PBXFileReference; lastKnownFileType = sourcecode.swift; path = NewsFeedController.swift; sourceTree = "<group>"; };
		FCA6DF832B07D88600885814 /* Assets.xcassets */ = {isa = PBXFileReference; lastKnownFileType = folder.assetcatalog; path = Assets.xcassets; sourceTree = "<group>"; };
		FCA6DF862B07D88600885814 /* Base */ = {isa = PBXFileReference; lastKnownFileType = file.storyboard; name = Base; path = Base.lproj/LaunchScreen.storyboard; sourceTree = "<group>"; };
		FCA6DF882B07D88600885814 /* Info.plist */ = {isa = PBXFileReference; lastKnownFileType = text.plist.xml; path = Info.plist; sourceTree = "<group>"; };
		FCA6DF932B07DD4E00885814 /* NetworkManager.swift */ = {isa = PBXFileReference; lastKnownFileType = sourcecode.swift; path = NetworkManager.swift; sourceTree = "<group>"; };
		FCA6DF952B07DEC600885814 /* NewsItems.swift */ = {isa = PBXFileReference; lastKnownFileType = sourcecode.swift; path = NewsItems.swift; sourceTree = "<group>"; };
		FCA6DF972B07E70F00885814 /* ArticleDetails.swift */ = {isa = PBXFileReference; lastKnownFileType = sourcecode.swift; path = ArticleDetails.swift; sourceTree = "<group>"; };
/* End PBXFileReference section */

/* Begin PBXFrameworksBuildPhase section */
		FCA6DF742B07D88300885814 /* Frameworks */ = {
			isa = PBXFrameworksBuildPhase;
			buildActionMask = 2147483647;
			files = (
				FCCF08072B0E176400A5DA56 /* Kingfisher in Frameworks */,
				FCA6DF9D2B07EFDA00885814 /* SDWebImageMapKit in Frameworks */,
				FCA6DF9B2B07EFDA00885814 /* SDWebImage in Frameworks */,
			);
			runOnlyForDeploymentPostprocessing = 0;
		};
/* End PBXFrameworksBuildPhase section */

/* Begin PBXGroup section */
		FCA6DF6E2B07D88300885814 = {
			isa = PBXGroup;
			children = (
				FCA6DF792B07D88300885814 /* AppleNewsApp */,
				FCA6DF782B07D88300885814 /* Products */,
			);
			sourceTree = "<group>";
		};
		FCA6DF782B07D88300885814 /* Products */ = {
			isa = PBXGroup;
			children = (
				FCA6DF772B07D88300885814 /* AppleNewsApp.app */,
			);
			name = Products;
			sourceTree = "<group>";
		};
		FCA6DF792B07D88300885814 /* AppleNewsApp */ = {
			isa = PBXGroup;
			children = (
				FCA6DF902B07D8D800885814 /* View */,
				FCA6DF922B07D9BE00885814 /* NetworkManager */,
				FCA6DF912B07D9A200885814 /* Model */,
				FCA6DF8E2B07D8A500885814 /* AppDelegate */,
				FCA6DF8F2B07D8C900885814 /* Controllers */,
				FCA6DF832B07D88600885814 /* Assets.xcassets */,
				FCA6DF882B07D88600885814 /* Info.plist */,
			);
			path = AppleNewsApp;
			sourceTree = "<group>";
		};
		FCA6DF8E2B07D8A500885814 /* AppDelegate */ = {
			isa = PBXGroup;
			children = (
				FCA6DF7A2B07D88300885814 /* AppDelegate.swift */,
				FCA6DF7C2B07D88300885814 /* SceneDelegate.swift */,
			);
			path = AppDelegate;
			sourceTree = "<group>";
		};
		FCA6DF8F2B07D8C900885814 /* Controllers */ = {
			isa = PBXGroup;
			children = (
				FCA6DF7E2B07D88300885814 /* NewsFeedController.swift */,
			);
			path = Controllers;
			sourceTree = "<group>";
		};
		FCA6DF902B07D8D800885814 /* View */ = {
			isa = PBXGroup;
			children = (
				FCA6DF852B07D88600885814 /* LaunchScreen.storyboard */,
			);
			path = View;
			sourceTree = "<group>";
		};
		FCA6DF912B07D9A200885814 /* Model */ = {
			isa = PBXGroup;
			children = (
				FCA6DF952B07DEC600885814 /* NewsItems.swift */,
			);
			path = Model;
			sourceTree = "<group>";
		};
		FCA6DF922B07D9BE00885814 /* NetworkManager */ = {
			isa = PBXGroup;
			children = (
				FCA6DF932B07DD4E00885814 /* NetworkManager.swift */,
				FCA6DF972B07E70F00885814 /* ArticleDetails.swift */,
			);
			path = NetworkManager;
			sourceTree = "<group>";
		};
/* End PBXGroup section */

/* Begin PBXNativeTarget section */
		FCA6DF762B07D88300885814 /* AppleNewsApp */ = {
			isa = PBXNativeTarget;
			buildConfigurationList = FCA6DF8B2B07D88600885814 /* Build configuration list for PBXNativeTarget "AppleNewsApp" */;
			buildPhases = (
				FCA6DF732B07D88300885814 /* Sources */,
				FCA6DF742B07D88300885814 /* Frameworks */,
				FCA6DF752B07D88300885814 /* Resources */,
			);
			buildRules = (
			);
			dependencies = (
			);
			name = AppleNewsApp;
			packageProductDependencies = (
				FCA6DF9A2B07EFDA00885814 /* SDWebImage */,
				FCA6DF9C2B07EFDA00885814 /* SDWebImageMapKit */,
				FCCF08062B0E176400A5DA56 /* Kingfisher */,
			);
			productName = AppleNewsApp;
			productReference = FCA6DF772B07D88300885814 /* AppleNewsApp.app */;
			productType = "com.apple.product-type.application";
		};
/* End PBXNativeTarget section */

/* Begin PBXProject section */
		FCA6DF6F2B07D88300885814 /* Project object */ = {
			isa = PBXProject;
			attributes = {
				BuildIndependentTargetsInParallel = 1;
				LastSwiftUpdateCheck = 1510;
				LastUpgradeCheck = 1510;
				TargetAttributes = {
					FCA6DF762B07D88300885814 = {
						CreatedOnToolsVersion = 15.1;
					};
				};
			};
			buildConfigurationList = FCA6DF722B07D88300885814 /* Build configuration list for PBXProject "AppleNewsApp" */;
			compatibilityVersion = "Xcode 14.0";
			developmentRegion = en;
			hasScannedForEncodings = 0;
			knownRegions = (
				en,
				Base,
			);
			mainGroup = FCA6DF6E2B07D88300885814;
			packageReferences = (
				FCA6DF992B07EFDA00885814 /* XCRemoteSwiftPackageReference "SDWebImage" */,
				FCCF08052B0E176400A5DA56 /* XCRemoteSwiftPackageReference "Kingfisher" */,
			);
			productRefGroup = FCA6DF782B07D88300885814 /* Products */;
			projectDirPath = "";
			projectRoot = "";
			targets = (
				FCA6DF762B07D88300885814 /* AppleNewsApp */,
			);
		};
/* End PBXProject section */

/* Begin PBXResourcesBuildPhase section */
		FCA6DF752B07D88300885814 /* Resources */ = {
			isa = PBXResourcesBuildPhase;
			buildActionMask = 2147483647;
			files = (
				FCA6DF872B07D88600885814 /* LaunchScreen.storyboard in Resources */,
				FCA6DF842B07D88600885814 /* Assets.xcassets in Resources */,
			);
			runOnlyForDeploymentPostprocessing = 0;
		};
/* End PBXResourcesBuildPhase section */

/* Begin PBXSourcesBuildPhase section */
		FCA6DF732B07D88300885814 /* Sources */ = {
			isa = PBXSourcesBuildPhase;
			buildActionMask = 2147483647;
			files = (
				FCA6DF942B07DD4E00885814 /* NetworkManager.swift in Sources */,
				FCA6DF7F2B07D88300885814 /* NewsFeedController.swift in Sources */,
				FCA6DF7B2B07D88300885814 /* AppDelegate.swift in Sources */,
				FCA6DF7D2B07D88300885814 /* SceneDelegate.swift in Sources */,
				FCA6DF962B07DEC600885814 /* NewsItems.swift in Sources */,
				FCA6DF982B07E70F00885814 /* ArticleDetails.swift in Sources */,
			);
			runOnlyForDeploymentPostprocessing = 0;
		};
/* End PBXSourcesBuildPhase section */

/* Begin PBXVariantGroup section */
		FCA6DF852B07D88600885814 /* LaunchScreen.storyboard */ = {
			isa = PBXVariantGroup;
			children = (
				FCA6DF862B07D88600885814 /* Base */,
			);
			name = LaunchScreen.storyboard;
			sourceTree = "<group>";
		};
/* End PBXVariantGroup section */

/* Begin XCBuildConfiguration section */
		FCA6DF892B07D88600885814 /* Debug */ = {
			isa = XCBuildConfiguration;
			buildSettings = {
				ALWAYS_SEARCH_USER_PATHS = NO;
				ASSETCATALOG_COMPILER_GENERATE_SWIFT_ASSET_SYMBOL_EXTENSIONS = YES;
				CLANG_ANALYZER_NONNULL = YES;
				CLANG_ANALYZER_NUMBER_OBJECT_CONVERSION = YES_AGGRESSIVE;
				CLANG_CXX_LANGUAGE_STANDARD = "gnu++20";
				CLANG_ENABLE_MODULES = YES;
				CLANG_ENABLE_OBJC_ARC = YES;
				CLANG_ENABLE_OBJC_WEAK = YES;
				CLANG_WARN_BLOCK_CAPTURE_AUTORELEASING = YES;
				CLANG_WARN_BOOL_CONVERSION = YES;
				CLANG_WARN_COMMA = YES;
				CLANG_WARN_CONSTANT_CONVERSION = YES;
				CLANG_WARN_DEPRECATED_OBJC_IMPLEMENTATIONS = YES;
				CLANG_WARN_DIRECT_OBJC_ISA_USAGE = YES_ERROR;
				CLANG_WARN_DOCUMENTATION_COMMENTS = YES;
				CLANG_WARN_EMPTY_BODY = YES;
				CLANG_WARN_ENUM_CONVERSION = YES;
				CLANG_WARN_INFINITE_RECURSION = YES;
				CLANG_WARN_INT_CONVERSION = YES;
				CLANG_WARN_NON_LITERAL_NULL_CONVERSION = YES;
				CLANG_WARN_OBJC_IMPLICIT_RETAIN_SELF = YES;
				CLANG_WARN_OBJC_LITERAL_CONVERSION = YES;
				CLANG_WARN_OBJC_ROOT_CLASS = YES_ERROR;
				CLANG_WARN_QUOTED_INCLUDE_IN_FRAMEWORK_HEADER = YES;
				CLANG_WARN_RANGE_LOOP_ANALYSIS = YES;
				CLANG_WARN_STRICT_PROTOTYPES = YES;
				CLANG_WARN_SUSPICIOUS_MOVE = YES;
				CLANG_WARN_UNGUARDED_AVAILABILITY = YES_AGGRESSIVE;
				CLANG_WARN_UNREACHABLE_CODE = YES;
				CLANG_WARN__DUPLICATE_METHOD_MATCH = YES;
				COPY_PHASE_STRIP = NO;
				DEBUG_INFORMATION_FORMAT = dwarf;
				ENABLE_STRICT_OBJC_MSGSEND = YES;
				ENABLE_TESTABILITY = YES;
				ENABLE_USER_SCRIPT_SANDBOXING = YES;
				GCC_C_LANGUAGE_STANDARD = gnu17;
				GCC_DYNAMIC_NO_PIC = NO;
				GCC_NO_COMMON_BLOCKS = YES;
				GCC_OPTIMIZATION_LEVEL = 0;
				GCC_PREPROCESSOR_DEFINITIONS = (
					"DEBUG=1",
					"$(inherited)",
				);
				GCC_WARN_64_TO_32_BIT_CONVERSION = YES;
				GCC_WARN_ABOUT_RETURN_TYPE = YES_ERROR;
				GCC_WARN_UNDECLARED_SELECTOR = YES;
				GCC_WARN_UNINITIALIZED_AUTOS = YES_AGGRESSIVE;
				GCC_WARN_UNUSED_FUNCTION = YES;
				GCC_WARN_UNUSED_VARIABLE = YES;
				IPHONEOS_DEPLOYMENT_TARGET = 17.0;
				LOCALIZATION_PREFERS_STRING_CATALOGS = YES;
				MTL_ENABLE_DEBUG_INFO = INCLUDE_SOURCE;
				MTL_FAST_MATH = YES;
				ONLY_ACTIVE_ARCH = YES;
				SDKROOT = iphoneos;
				SWIFT_ACTIVE_COMPILATION_CONDITIONS = "DEBUG $(inherited)";
				SWIFT_OPTIMIZATION_LEVEL = "-Onone";
			};
			name = Debug;
		};
		FCA6DF8A2B07D88600885814 /* Release */ = {
			isa = XCBuildConfiguration;
			buildSettings = {
				ALWAYS_SEARCH_USER_PATHS = NO;
				ASSETCATALOG_COMPILER_GENERATE_SWIFT_ASSET_SYMBOL_EXTENSIONS = YES;
				CLANG_ANALYZER_NONNULL = YES;
				CLANG_ANALYZER_NUMBER_OBJECT_CONVERSION = YES_AGGRESSIVE;
				CLANG_CXX_LANGUAGE_STANDARD = "gnu++20";
				CLANG_ENABLE_MODULES = YES;
				CLANG_ENABLE_OBJC_ARC = YES;
				CLANG_ENABLE_OBJC_WEAK = YES;
				CLANG_WARN_BLOCK_CAPTURE_AUTORELEASING = YES;
				CLANG_WARN_BOOL_CONVERSION = YES;
				CLANG_WARN_COMMA = YES;
				CLANG_WARN_CONSTANT_CONVERSION = YES;
				CLANG_WARN_DEPRECATED_OBJC_IMPLEMENTATIONS = YES;
				CLANG_WARN_DIRECT_OBJC_ISA_USAGE = YES_ERROR;
				CLANG_WARN_DOCUMENTATION_COMMENTS = YES;
				CLANG_WARN_EMPTY_BODY = YES;
				CLANG_WARN_ENUM_CONVERSION = YES;
				CLANG_WARN_INFINITE_RECURSION = YES;
				CLANG_WARN_INT_CONVERSION = YES;
				CLANG_WARN_NON_LITERAL_NULL_CONVERSION = YES;
				CLANG_WARN_OBJC_IMPLICIT_RETAIN_SELF = YES;
				CLANG_WARN_OBJC_LITERAL_CONVERSION = YES;
				CLANG_WARN_OBJC_ROOT_CLASS = YES_ERROR;
				CLANG_WARN_QUOTED_INCLUDE_IN_FRAMEWORK_HEADER = YES;
				CLANG_WARN_RANGE_LOOP_ANALYSIS = YES;
				CLANG_WARN_STRICT_PROTOTYPES = YES;
				CLANG_WARN_SUSPICIOUS_MOVE = YES;
				CLANG_WARN_UNGUARDED_AVAILABILITY = YES_AGGRESSIVE;
				CLANG_WARN_UNREACHABLE_CODE = YES;
				CLANG_WARN__DUPLICATE_METHOD_MATCH = YES;
				COPY_PHASE_STRIP = NO;
				DEBUG_INFORMATION_FORMAT = "dwarf-with-dsym";
				ENABLE_NS_ASSERTIONS = NO;
				ENABLE_STRICT_OBJC_MSGSEND = YES;
				ENABLE_USER_SCRIPT_SANDBOXING = YES;
				GCC_C_LANGUAGE_STANDARD = gnu17;
				GCC_NO_COMMON_BLOCKS = YES;
				GCC_WARN_64_TO_32_BIT_CONVERSION = YES;
				GCC_WARN_ABOUT_RETURN_TYPE = YES_ERROR;
				GCC_WARN_UNDECLARED_SELECTOR = YES;
				GCC_WARN_UNINITIALIZED_AUTOS = YES_AGGRESSIVE;
				GCC_WARN_UNUSED_FUNCTION = YES;
				GCC_WARN_UNUSED_VARIABLE = YES;
				IPHONEOS_DEPLOYMENT_TARGET = 17.0;
				LOCALIZATION_PREFERS_STRING_CATALOGS = YES;
				MTL_ENABLE_DEBUG_INFO = NO;
				MTL_FAST_MATH = YES;
				SDKROOT = iphoneos;
				SWIFT_COMPILATION_MODE = wholemodule;
				VALIDATE_PRODUCT = YES;
			};
			name = Release;
		};
		FCA6DF8C2B07D88600885814 /* Debug */ = {
			isa = XCBuildConfiguration;
			buildSettings = {
				ASSETCATALOG_COMPILER_APPICON_NAME = AppIcon;
				ASSETCATALOG_COMPILER_GLOBAL_ACCENT_COLOR_NAME = AccentColor;
				CODE_SIGN_STYLE = Automatic;
				CURRENT_PROJECT_VERSION = 1;
				GENERATE_INFOPLIST_FILE = YES;
				INFOPLIST_FILE = AppleNewsApp/Info.plist;
				INFOPLIST_KEY_UIApplicationSupportsIndirectInputEvents = YES;
				INFOPLIST_KEY_UILaunchStoryboardName = LaunchScreen.storyboard;
				INFOPLIST_KEY_UIMainStoryboardFile = "";
				INFOPLIST_KEY_UISupportedInterfaceOrientations_iPad = "UIInterfaceOrientationPortrait UIInterfaceOrientationPortraitUpsideDown UIInterfaceOrientationLandscapeLeft UIInterfaceOrientationLandscapeRight";
				INFOPLIST_KEY_UISupportedInterfaceOrientations_iPhone = "UIInterfaceOrientationPortrait UIInterfaceOrientationLandscapeLeft UIInterfaceOrientationLandscapeRight";
				LD_RUNPATH_SEARCH_PATHS = (
					"$(inherited)",
					"@executable_path/Frameworks",
				);
				MARKETING_VERSION = 1.0;
				PRODUCT_BUNDLE_IDENTIFIER = com..AppleNewsApp;
				PRODUCT_NAME = "$(TARGET_NAME)";
				SWIFT_EMIT_LOC_STRINGS = YES;
				SWIFT_VERSION = 5.0;
				TARGETED_DEVICE_FAMILY = "1,2";
			};
			name = Debug;
		};
		FCA6DF8D2B07D88600885814 /* Release */ = {
			isa = XCBuildConfiguration;
			buildSettings = {
				ASSETCATALOG_COMPILER_APPICON_NAME = AppIcon;
				ASSETCATALOG_COMPILER_GLOBAL_ACCENT_COLOR_NAME = AccentColor;
				CODE_SIGN_STYLE = Automatic;
				CURRENT_PROJECT_VERSION = 1;
				GENERATE_INFOPLIST_FILE = YES;
				INFOPLIST_FILE = AppleNewsApp/Info.plist;
				INFOPLIST_KEY_UIApplicationSupportsIndirectInputEvents = YES;
				INFOPLIST_KEY_UILaunchStoryboardName = LaunchScreen.storyboard;
				INFOPLIST_KEY_UIMainStoryboardFile = "";
				INFOPLIST_KEY_UISupportedInterfaceOrientations_iPad = "UIInterfaceOrientationPortrait UIInterfaceOrientationPortraitUpsideDown UIInterfaceOrientationLandscapeLeft UIInterfaceOrientationLandscapeRight";
				INFOPLIST_KEY_UISupportedInterfaceOrientations_iPhone = "UIInterfaceOrientationPortrait UIInterfaceOrientationLandscapeLeft UIInterfaceOrientationLandscapeRight";
				LD_RUNPATH_SEARCH_PATHS = (
					"$(inherited)",
					"@executable_path/Frameworks",
				);
				MARKETING_VERSION = 1.0;
				PRODUCT_BUNDLE_IDENTIFIER = com..AppleNewsApp;
				PRODUCT_NAME = "$(TARGET_NAME)";
				SWIFT_EMIT_LOC_STRINGS = YES;
				SWIFT_VERSION = 5.0;
				TARGETED_DEVICE_FAMILY = "1,2";
			};
			name = Release;
		};
/* End XCBuildConfiguration section */

/* Begin XCConfigurationList section */
		FCA6DF722B07D88300885814 /* Build configuration list for PBXProject "AppleNewsApp" */ = {
			isa = XCConfigurationList;
			buildConfigurations = (
				FCA6DF892B07D88600885814 /* Debug */,
				FCA6DF8A2B07D88600885814 /* Release */,
			);
			defaultConfigurationIsVisible = 0;
			defaultConfigurationName = Release;
		};
		FCA6DF8B2B07D88600885814 /* Build configuration list for PBXNativeTarget "AppleNewsApp" */ = {
			isa = XCConfigurationList;
			buildConfigurations = (
				FCA6DF8C2B07D88600885814 /* Debug */,
				FCA6DF8D2B07D88600885814 /* Release */,
			);
			defaultConfigurationIsVisible = 0;
			defaultConfigurationName = Release;
		};
/* End XCConfigurationList section */

/* Begin XCRemoteSwiftPackageReference section */
		FCA6DF992B07EFDA00885814 /* XCRemoteSwiftPackageReference "SDWebImage" */ = {
			isa = XCRemoteSwiftPackageReference;
			repositoryURL = "https://github.com/SDWebImage/SDWebImage.git";
			requirement = {
				kind = upToNextMajorVersion;
				minimumVersion = 5.18.5;
			};
		};
		FCCF08052B0E176400A5DA56 /* XCRemoteSwiftPackageReference "Kingfisher" */ = {
			isa = XCRemoteSwiftPackageReference;
			repositoryURL = "https://github.com/onevcat/Kingfisher.git";
			requirement = {
				kind = upToNextMajorVersion;
				minimumVersion = 7.10.0;
			};
		};
/* End XCRemoteSwiftPackageReference section */

/* Begin XCSwiftPackageProductDependency section */
		FCA6DF9A2B07EFDA00885814 /* SDWebImage */ = {
			isa = XCSwiftPackageProductDependency;
			package = FCA6DF992B07EFDA00885814 /* XCRemoteSwiftPackageReference "SDWebImage" */;
			productName = SDWebImage;
		};
		FCA6DF9C2B07EFDA00885814 /* SDWebImageMapKit */ = {
			isa = XCSwiftPackageProductDependency;
			package = FCA6DF992B07EFDA00885814 /* XCRemoteSwiftPackageReference "SDWebImage" */;
			productName = SDWebImageMapKit;
		};
		FCCF08062B0E176400A5DA56 /* Kingfisher */ = {
			isa = XCSwiftPackageProductDependency;
			package = FCCF08052B0E176400A5DA56 /* XCRemoteSwiftPackageReference "Kingfisher" */;
			productName = Kingfisher;
		};
/* End XCSwiftPackageProductDependency section */
	};
	rootObject = FCA6DF6F2B07D88300885814 /* Project object */;
}
